{
  "name": "browser-test-frontend",
  "lockfileVersion": 3,
  "requires": true,
  "packages": {
    "": {
      "name": "browser-test-frontend",
      "dependencies": {
        "decicore-sdk": "file:../decicore-sdk-1.0.0.tgz"
      }
    },
    "node_modules/decicore-sdk": {
      "version": "1.0.0",
      "resolved": "file:../decicore-sdk-1.0.0.tgz",
      "integrity": "sha512-zKmFvRZ+BkzTCYjH/myLYkjMZ6ARV3byfLUgUtFOKG2YaKpBpqXRzFwL1CwIrMV1bjdU6t81lP//DRkRRNVw7A==",
      "license": "MIT"
    }
  }
}
